# This file is automatically @generated by Poetry 1.8.3 and should not be changed by hand.

[[package]]
name = "colorama"
version = "0.4.6"
description = "Cross-platform colored terminal text."
optional = false
python-versions = "!=3.0.*,!=3.1.*,!=3.2.*,!=3.3.*,!=3.4.*,!=3.5.*,!=3.6.*,>=2.7"
files = [
    {file = "colorama-0.4.6-py2.py3-none-any.whl", hash = "sha256:4f1d9991f5acc0ca119f9d443620b77f9d6b33703e51011c16baf57afb285fc6"},
    {file = "colorama-0.4.6.tar.gz", hash = "sha256:08695f5cb7ed6e0531a20572697297273c47b8cae5a63ffc6d6ed5c201be6e44"},
]

[[package]]
name = "exceptiongroup"
version = "1.2.1"
description = "Backport of PEP 654 (exception groups)"
optional = false
python-versions = ">=3.7"
files = [
    {file = "exceptiongroup-1.2.1-py3-none-any.whl", hash = "sha256:5258b9ed329c5bbdd31a309f53cbfb0b155341807f6ff7606a1e801a891b29ad"},
    {file = "exceptiongroup-1.2.1.tar.gz", hash = "sha256:a4785e48b045528f5bfe627b6ad554ff32def154f42372786903b7abcfe1aa16"},
]

[package.extras]
test = ["pytest (>=6)"]

[[package]]
name = "iniconfig"
version = "2.0.0"
description = "brain-dead simple config-ini parsing"
optional = false
python-versions = ">=3.7"
files = [
    {file = "iniconfig-2.0.0-py3-none-any.whl", hash = "sha256:b6a85871a79d2e3b22d2d1b94ac2824226a63c6b741c88f7ae975f18b6778374"},
    {file = "iniconfig-2.0.0.tar.gz", hash = "sha256:2d91e135bf72d31a410b17c16da610a82cb55f6b0477d1a902134b24a455b8b3"},
]

[[package]]
name = "opencc"
version = "1.1.7"
description = "Conversion between Traditional and Simplified Chinese"
optional = false
python-versions = "*"
files = [
    {file = "OpenCC-1.1.7-cp310-cp310-macosx_10_9_x86_64.whl", hash = "sha256:ba77d5eb376129adcad090a07b0edbee293f26513f14a135a9cb17af004defd1"},
    {file = "OpenCC-1.1.7-cp310-cp310-manylinux1_x86_64.whl", hash = "sha256:fc4fb3ec08dcbdb430cbd70d14f9457f2b2ef2d51b08bf079b9cee0c6def3eed"},
    {file = "OpenCC-1.1.7-cp310-cp310-win_amd64.whl", hash = "sha256:8fa764bbb93ff97f50d1f70ca2542c9108adb763845d690e256664a61c98f914"},
    {file = "OpenCC-1.1.7-cp311-cp311-macosx_10_9_x86_64.whl", hash = "sha256:8aa4b1203bf78ced40ae4da7206089ccd459f823a1b05f311b653eb08dce7d0d"},
    {file = "OpenCC-1.1.7-cp311-cp311-manylinux1_x86_64.whl", hash = "sha256:3ed6f128383375b9dc5c3db02ffa9d6ac1a14242656414bab85a18ef65daf645"},
    {file = "OpenCC-1.1.7-cp311-cp311-win_amd64.whl", hash = "sha256:d2d4705b3f599903784b4d4be6a557c591aeeb93d2b99b8f19d3e13dee4fab10"},
    {file = "OpenCC-1.1.7-cp312-cp312-macosx_10_9_x86_64.whl", hash = "sha256:253e7d636ad0aad2e70e616d2185181e0104687f53ec38974f7b67221c475382"},
    {file = "OpenCC-1.1.7-cp312-cp312-manylinux1_x86_64.whl", hash = "sha256:dc5d6443b833e1a45bcad4d4312c680d9d574a365491357165d927a3eecac5f0"},
    {file = "OpenCC-1.1.7-cp312-cp312-win_amd64.whl", hash = "sha256:7f3f843f0b47afa0bff91ea5b9fbf9968f19ffbaffda9508615993058246ca3c"},
    {file = "OpenCC-1.1.7-cp38-cp38-macosx_10_9_x86_64.whl", hash = "sha256:49c2eb39f636c948eaa21a84f4553da761a9cca5aa0dede8570729d572712531"},
    {file = "OpenCC-1.1.7-cp38-cp38-manylinux1_x86_64.whl", hash = "sha256:49bbf40042702a743ad5b65398fc3faf1582e41fc948cd9bbbabe7c3e5366cd6"},
    {file = "OpenCC-1.1.7-cp38-cp38-win_amd64.whl", hash = "sha256:06092f06e4b8a1f2563df03214c9f6fa457c9ff6d114f76bf9fb374cc2a4591f"},
    {file = "OpenCC-1.1.7-cp39-cp39-macosx_10_9_x86_64.whl", hash = "sha256:a16b7ed7d01b77b133a51e41903c5c83486de5be5483164c869ed34b9bbfdaf7"},
    {file = "OpenCC-1.1.7-cp39-cp39-manylinux1_x86_64.whl", hash = "sha256:b55ad5edf93a45e89519fa4aa80384d7021fd795fdf8c9315b6898fa2a0e202a"},
    {file = "OpenCC-1.1.7-cp39-cp39-win_amd64.whl", hash = "sha256:6455d2548e2211d28cfa68d25aceeb4ff06c6a396264dcefe5a2b885ffeaf783"},
]

[[package]]
name = "packaging"
version = "24.1"
description = "Core utilities for Python packages"
optional = false
python-versions = ">=3.8"
files = [
    {file = "packaging-24.1-py3-none-any.whl", hash = "sha256:5b8f2217dbdbd2f7f384c41c628544e6d52f2d0f53c6d0c3ea61aa5d1d7ff124"},
    {file = "packaging-24.1.tar.gz", hash = "sha256:026ed72c8ed3fcce5bf8950572258698927fd1dbda10a5e981cdf0ac37f4f002"},
]

[[package]]
name = "pluggy"
version = "1.5.0"
description = "plugin and hook calling mechanisms for python"
optional = false
python-versions = ">=3.8"
files = [
    {file = "pluggy-1.5.0-py3-none-any.whl", hash = "sha256:44e1ad92c8ca002de6377e165f3e0f1be63266ab4d554740532335b9d75ea669"},
    {file = "pluggy-1.5.0.tar.gz", hash = "sha256:2cffa88e94fdc978c4c574f15f9e59b7f4201d439195c3715ca9e2486f1d0cf1"},
]

[package.extras]
dev = ["pre-commit", "tox"]
testing = ["pytest", "pytest-benchmark"]

[[package]]
name = "pytest"
version = "8.2.2"
description = "pytest: simple powerful testing with Python"
optional = false
python-versions = ">=3.8"
files = [
    {file = "pytest-8.2.2-py3-none-any.whl", hash = "sha256:c434598117762e2bd304e526244f67bf66bbd7b5d6cf22138be51ff661980343"},
    {file = "pytest-8.2.2.tar.gz", hash = "sha256:de4bb8104e201939ccdc688b27a89a7be2079b22e2bd2b07f806b6ba71117977"},
]

[package.dependencies]
colorama = {version = "*", markers = "sys_platform == \"win32\""}
exceptiongroup = {version = ">=1.0.0rc8", markers = "python_version < \"3.11\""}
iniconfig = "*"
packaging = "*"
pluggy = ">=1.5,<2.0"
tomli = {version = ">=1", markers = "python_version < \"3.11\""}

[package.extras]
dev = ["argcomplete", "attrs (>=19.2)", "hypothesis (>=3.56)", "mock", "pygments (>=2.7.2)", "requests", "setuptools", "xmlschema"]

[[package]]
name = "tomli"
version = "2.0.1"
description = "A lil' TOML parser"
optional = false
python-versions = ">=3.7"
files = [
    {file = "tomli-2.0.1-py3-none-any.whl", hash = "sha256:939de3e7a6161af0c887ef91b7d41a53e7c5a1ca976325f429cb46ea9bc30ecc"},
    {file = "tomli-2.0.1.tar.gz", hash = "sha256:de526c12914f0c550d15924c62d72abc48d6fe7364aa87328337a31007fe8a4f"},
]

[metadata]
lock-version = "2.0"
python-versions = "^3.8"
content-hash = "3f17eaacd7e7e3e88edd654034c656296002845933c4cc6e70aec5925cf5c2d9"
